
Microsoft Visual Studio Solution File, Format Version 12.00
# Visual Studio Version 16
VisualStudioVersion = 16.0.29613.14
MinimumVisualStudioVersion = 10.0.40219.1
Project("{FAE04EC0-301F-11D3-BF4B-00C04F79EFBC}") = "NewsPressPlatform", "NewsPressPlatform\NewsPressPlatform.csproj", "{9A45F5C6-76EF-4638-BBC3-46A1A92E877D}"
EndProject
Global
	GlobalSection(SolutionConfigurationPlatforms) = preSolution
		Debug|Any CPU = Debug|Any CPU
		Release|Any CPU = Release|Any CPU
	EndGlobalSection
	GlobalSection(ProjectConfigurationPlatforms) = postSolution
		{9A45F5C6-76EF-4638-BBC3-46A1A92E877D}.Debug|Any CPU.ActiveCfg = Debug|Any CPU
		{9A45F5C6-76EF-4638-BBC3-46A1A92E877D}.Debug|Any CPU.Build.0 = Debug|Any CPU
		{9A45F5C6-76EF-4638-BBC3-46A1A92E877D}.Release|Any CPU.ActiveCfg = Release|Any CPU
		{9A45F5C6-76EF-4638-BBC3-46A1A92E877D}.Release|Any CPU.Build.0 = Release|Any CPU
	EndGlobalSection
	GlobalSection(SolutionProperties) = preSolution
		HideSolutionNode = FALSE
	EndGlobalSection
	GlobalSection(ExtensibilityGlobals) = postSolution
		SolutionGuid = {8827ADD2-0ACF-4A65-8527-2E1093AC19AA}
	EndGlobalSection
EndGlobal
